
Microsoft Visual Studio Solution File, Format Version 12.00
# Visual Studio Version 16
VisualStudioVersion = 16.0.30225.117
MinimumVisualStudioVersion = 10.0.40219.1
Project("{9A19103F-16F7-4668-BE54-9A1E7A4F7556}") = "sender", "sender\sender.csproj", "{8859BCC7-588E-4FAA-B0DE-B50FDE7FFE44}"
EndProject
Project("{9A19103F-16F7-4668-BE54-9A1E7A4F7556}") = "receiverPrzelew", "receiverPrzelew\receiverPrzelew.csproj", "{02B2C33E-A168-48A3-922E-CAB944B52FEF}"
EndProject
Project("{9A19103F-16F7-4668-BE54-9A1E7A4F7556}") = "receiverGet", "receiverGet\receiverGet.csproj", "{EEB980C9-22E4-4291-B2A8-38AF97C4B6E8}"
EndProject
Project("{9A19103F-16F7-4668-BE54-9A1E7A4F7556}") = "front", "frontend\front.csproj", "{2F0E602F-02E7-4281-9E79-0735FA817188}"
EndProject
Project("{2150E333-8FDC-42A3-9474-1A3956D46DE8}") = "Solution Items", "Solution Items", "{E12028CE-AD93-41F3-81CC-FF841A005832}"
	ProjectSection(SolutionItems) = preProject
		docker-compose.yml = docker-compose.yml
	EndProjectSection
EndProject
Global
	GlobalSection(SolutionConfigurationPlatforms) = preSolution
		Debug|Any CPU = Debug|Any CPU
		Release|Any CPU = Release|Any CPU
	EndGlobalSection
	GlobalSection(ProjectConfigurationPlatforms) = postSolution
		{8859BCC7-588E-4FAA-B0DE-B50FDE7FFE44}.Debug|Any CPU.ActiveCfg = Debug|Any CPU
		{8859BCC7-588E-4FAA-B0DE-B50FDE7FFE44}.Debug|Any CPU.Build.0 = Debug|Any CPU
		{8859BCC7-588E-4FAA-B0DE-B50FDE7FFE44}.Release|Any CPU.ActiveCfg = Release|Any CPU
		{8859BCC7-588E-4FAA-B0DE-B50FDE7FFE44}.Release|Any CPU.Build.0 = Release|Any CPU
		{02B2C33E-A168-48A3-922E-CAB944B52FEF}.Debug|Any CPU.ActiveCfg = Debug|Any CPU
		{02B2C33E-A168-48A3-922E-CAB944B52FEF}.Debug|Any CPU.Build.0 = Debug|Any CPU
		{02B2C33E-A168-48A3-922E-CAB944B52FEF}.Release|Any CPU.ActiveCfg = Release|Any CPU
		{02B2C33E-A168-48A3-922E-CAB944B52FEF}.Release|Any CPU.Build.0 = Release|Any CPU
		{EEB980C9-22E4-4291-B2A8-38AF97C4B6E8}.Debug|Any CPU.ActiveCfg = Debug|Any CPU
		{EEB980C9-22E4-4291-B2A8-38AF97C4B6E8}.Debug|Any CPU.Build.0 = Debug|Any CPU
		{EEB980C9-22E4-4291-B2A8-38AF97C4B6E8}.Release|Any CPU.ActiveCfg = Release|Any CPU
		{EEB980C9-22E4-4291-B2A8-38AF97C4B6E8}.Release|Any CPU.Build.0 = Release|Any CPU
		{2F0E602F-02E7-4281-9E79-0735FA817188}.Debug|Any CPU.ActiveCfg = Debug|Any CPU
		{2F0E602F-02E7-4281-9E79-0735FA817188}.Debug|Any CPU.Build.0 = Debug|Any CPU
		{2F0E602F-02E7-4281-9E79-0735FA817188}.Release|Any CPU.ActiveCfg = Release|Any CPU
		{2F0E602F-02E7-4281-9E79-0735FA817188}.Release|Any CPU.Build.0 = Release|Any CPU
	EndGlobalSection
	GlobalSection(SolutionProperties) = preSolution
		HideSolutionNode = FALSE
	EndGlobalSection
	GlobalSection(ExtensibilityGlobals) = postSolution
		SolutionGuid = {4D932828-22E0-4C2E-9797-56051031D5C7}
	EndGlobalSection
EndGlobal
